// !$*UTF8*$!
{
	archiveVersion = 1;
	classes = {
	};
	objectVersion = 48;
	objects = {

/* Begin PBXBuildFile section */
		95604D0D8029EC24D7C26A7C /* libPods-ModuleB-Category.a in Frameworks */ = {isa = PBXBuildFile; fileRef = B1B458D92E55797A4308C4EF /* libPods-ModuleB-Category.a */; };
		9C04B3F6214B56CA00C4192C /* AppDelegate.m in Sources */ = {isa = PBXBuildFile; fileRef = 9C04B3F5214B56CA00C4192C /* AppDelegate.m */; };
		9C04B3F9214B56CA00C4192C /* ViewController.m in Sources */ = {isa = PBXBuildFile; fileRef = 9C04B3F8214B56CA00C4192C /* ViewController.m */; };
		9C04B3FC214B56CA00C4192C /* Main.storyboard in Resources */ = {isa = PBXBuildFile; fileRef = 9C04B3FA214B56CA00C4192C /* Main.storyboard */; };
		9C04B3FE214B56CB00C4192C /* Assets.xcassets in Resources */ = {isa = PBXBuildFile; fileRef = 9C04B3FD214B56CB00C4192C /* Assets.xcassets */; };
		9C04B401214B56CB00C4192C /* LaunchScreen.storyboard in Resources */ = {isa = PBXBuildFile; fileRef = 9C04B3FF214B56CB00C4192C /* LaunchScreen.storyboard */; };
		9C04B404214B56CB00C4192C /* main.m in Sources */ = {isa = PBXBuildFile; fileRef = 9C04B403214B56CB00C4192C /* main.m */; };
		9C04B40D214B5A3F00C4192C /* ComponentScheduler+ModuleB.m in Sources */ = {isa = PBXBuildFile; fileRef = 9C04B40C214B5A3F00C4192C /* ComponentScheduler+ModuleB.m */; };
/* End PBXBuildFile section */

/* Begin PBXFileReference section */
		0BAC6FBD7DE61A4E9AED2507 /* Pods-ModuleB-Category.debug.xcconfig */ = {isa = PBXFileReference; includeInIndex = 1; lastKnownFileType = text.xcconfig; name = "Pods-ModuleB-Category.debug.xcconfig"; path = "Pods/Target Support Files/Pods-ModuleB-Category/Pods-ModuleB-Category.debug.xcconfig"; sourceTree = "<group>"; };
		3FB5E4E4F9D5310F95CA839D /* Pods-ModuleB-Category.release.xcconfig */ = {isa = PBXFileReference; includeInIndex = 1; lastKnownFileType = text.xcconfig; name = "Pods-ModuleB-Category.release.xcconfig"; path = "Pods/Target Support Files/Pods-ModuleB-Category/Pods-ModuleB-Category.release.xcconfig"; sourceTree = "<group>"; };
		9C04B3F1214B56CA00C4192C /* ModuleB-Category.app */ = {isa = PBXFileReference; explicitFileType = wrapper.application; includeInIndex = 0; path = "ModuleB-Category.app"; sourceTree = BUILT_PRODUCTS_DIR; };
		9C04B3F4214B56CA00C4192C /* AppDelegate.h */ = {isa = PBXFileReference; lastKnownFileType = sourcecode.c.h; path = AppDelegate.h; sourceTree = "<group>"; };
		9C04B3F5214B56CA00C4192C /* AppDelegate.m */ = {isa = PBXFileReference; lastKnownFileType = sourcecode.c.objc; path = AppDelegate.m; sourceTree = "<group>"; };
		9C04B3F7214B56CA00C4192C /* ViewController.h */ = {isa = PBXFileReference; lastKnownFileType = sourcecode.c.h; path = ViewController.h; sourceTree = "<group>"; };
		9C04B3F8214B56CA00C4192C /* ViewController.m */ = {isa = PBXFileReference; lastKnownFileType = sourcecode.c.objc; path = ViewController.m; sourceTree = "<group>"; };
		9C04B3FB214B56CA00C4192C /* Base */ = {isa = PBXFileReference; lastKnownFileType = file.storyboard; name = Base; path = Base.lproj/Main.storyboard; sourceTree = "<group>"; };
		9C04B3FD214B56CB00C4192C /* Assets.xcassets */ = {isa = PBXFileReference; lastKnownFileType = folder.assetcatalog; path = Assets.xcassets; sourceTree = "<group>"; };
		9C04B400214B56CB00C4192C /* Base */ = {isa = PBXFileReference; lastKnownFileType = file.storyboard; name = Base; path = Base.lproj/LaunchScreen.storyboard; sourceTree = "<group>"; };
		9C04B402214B56CB00C4192C /* Info.plist */ = {isa = PBXFileReference; lastKnownFileType = text.plist.xml; path = Info.plist; sourceTree = "<group>"; };
		9C04B403214B56CB00C4192C /* main.m */ = {isa = PBXFileReference; lastKnownFileType = sourcecode.c.objc; path = main.m; sourceTree = "<group>"; };
		9C04B40B214B5A3F00C4192C /* ComponentScheduler+ModuleB.h */ = {isa = PBXFileReference; lastKnownFileType = sourcecode.c.h; path = "ComponentScheduler+ModuleB.h"; sourceTree = "<group>"; };
		9C04B40C214B5A3F00C4192C /* ComponentScheduler+ModuleB.m */ = {isa = PBXFileReference; lastKnownFileType = sourcecode.c.objc; path = "ComponentScheduler+ModuleB.m"; sourceTree = "<group>"; };
		B1B458D92E55797A4308C4EF /* libPods-ModuleB-Category.a */ = {isa = PBXFileReference; explicitFileType = archive.ar; includeInIndex = 0; path = "libPods-ModuleB-Category.a"; sourceTree = BUILT_PRODUCTS_DIR; };
/* End PBXFileReference section */

/* Begin PBXFrameworksBuildPhase section */
		9C04B3EE214B56CA00C4192C /* Frameworks */ = {
			isa = PBXFrameworksBuildPhase;
			buildActionMask = 2147483647;
			files = (
				95604D0D8029EC24D7C26A7C /* libPods-ModuleB-Category.a in Frameworks */,
			);
			runOnlyForDeploymentPostprocessing = 0;
		};
/* End PBXFrameworksBuildPhase section */

/* Begin PBXGroup section */
		0666F9BFF872636CBC778094 /* Frameworks */ = {
			isa = PBXGroup;
			children = (
				B1B458D92E55797A4308C4EF /* libPods-ModuleB-Category.a */,
			);
			name = Frameworks;
			sourceTree = "<group>";
		};
		8ED99EFEF041DDCA8905919A /* Pods */ = {
			isa = PBXGroup;
			children = (
				0BAC6FBD7DE61A4E9AED2507 /* Pods-ModuleB-Category.debug.xcconfig */,
				3FB5E4E4F9D5310F95CA839D /* Pods-ModuleB-Category.release.xcconfig */,
			);
			name = Pods;
			sourceTree = "<group>";
		};
		9C04B3E8214B56CA00C4192C = {
			isa = PBXGroup;
			children = (
				9C04B3F3214B56CA00C4192C /* ModuleB-Category */,
				9C04B3F2214B56CA00C4192C /* Products */,
				8ED99EFEF041DDCA8905919A /* Pods */,
				0666F9BFF872636CBC778094 /* Frameworks */,
			);
			sourceTree = "<group>";
		};
		9C04B3F2214B56CA00C4192C /* Products */ = {
			isa = PBXGroup;
			children = (
				9C04B3F1214B56CA00C4192C /* ModuleB-Category.app */,
			);
			name = Products;
			sourceTree = "<group>";
		};
		9C04B3F3214B56CA00C4192C /* ModuleB-Category */ = {
			isa = PBXGroup;
			children = (
				9C04B40A214B594500C4192C /* Category */,
				9C04B3F4214B56CA00C4192C /* AppDelegate.h */,
				9C04B3F5214B56CA00C4192C /* AppDelegate.m */,
				9C04B3F7214B56CA00C4192C /* ViewController.h */,
				9C04B3F8214B56CA00C4192C /* ViewController.m */,
				9C04B3FA214B56CA00C4192C /* Main.storyboard */,
				9C04B3FD214B56CB00C4192C /* Assets.xcassets */,
				9C04B3FF214B56CB00C4192C /* LaunchScreen.storyboard */,
				9C04B402214B56CB00C4192C /* Info.plist */,
				9C04B403214B56CB00C4192C /* main.m */,
			);
			path = "ModuleB-Category";
			sourceTree = "<group>";
		};
		9C04B40A214B594500C4192C /* Category */ = {
			isa = PBXGroup;
			children = (
				9C04B40B214B5A3F00C4192C /* ComponentScheduler+ModuleB.h */,
				9C04B40C214B5A3F00C4192C /* ComponentScheduler+ModuleB.m */,
			);
			path = Category;
			sourceTree = "<group>";
		};
/* End PBXGroup section */

/* Begin PBXNativeTarget section */
		9C04B3F0214B56CA00C4192C /* ModuleB-Category */ = {
			isa = PBXNativeTarget;
			buildConfigurationList = 9C04B407214B56CB00C4192C /* Build configuration list for PBXNativeTarget "ModuleB-Category" */;
			buildPhases = (
				43F5E193AF90485C64472F11 /* [CP] Check Pods Manifest.lock */,
				9C04B3ED214B56CA00C4192C /* Sources */,
				9C04B3EE214B56CA00C4192C /* Frameworks */,
				9C04B3EF214B56CA00C4192C /* Resources */,
				1C5A869162EC61130BB84303 /* [CP] Embed Pods Frameworks */,
				2F37743E1B44A994AFD6250F /* [CP] Copy Pods Resources */,
			);
			buildRules = (
			);
			dependencies = (
			);
			name = "ModuleB-Category";
			productName = "ModuleB-Category";
			productReference = 9C04B3F1214B56CA00C4192C /* ModuleB-Category.app */;
			productType = "com.apple.product-type.application";
		};
/* End PBXNativeTarget section */

/* Begin PBXProject section */
		9C04B3E9214B56CA00C4192C /* Project object */ = {
			isa = PBXProject;
			attributes = {
				LastUpgradeCheck = 0940;
				ORGANIZATIONNAME = quangqiang;
				TargetAttributes = {
					9C04B3F0214B56CA00C4192C = {
						CreatedOnToolsVersion = 9.4.1;
						ProvisioningStyle = Automatic;
					};
				};
			};
			buildConfigurationList = 9C04B3EC214B56CA00C4192C /* Build configuration list for PBXProject "ModuleB-Category" */;
			compatibilityVersion = "Xcode 8.0";
			developmentRegion = en;
			hasScannedForEncodings = 0;
			knownRegions = (
				en,
				Base,
			);
			mainGroup = 9C04B3E8214B56CA00C4192C;
			productRefGroup = 9C04B3F2214B56CA00C4192C /* Products */;
			projectDirPath = "";
			projectRoot = "";
			targets = (
				9C04B3F0214B56CA00C4192C /* ModuleB-Category */,
			);
		};
/* End PBXProject section */

/* Begin PBXResourcesBuildPhase section */
		9C04B3EF214B56CA00C4192C /* Resources */ = {
			isa = PBXResourcesBuildPhase;
			buildActionMask = 2147483647;
			files = (
				9C04B401214B56CB00C4192C /* LaunchScreen.storyboard in Resources */,
				9C04B3FE214B56CB00C4192C /* Assets.xcassets in Resources */,
				9C04B3FC214B56CA00C4192C /* Main.storyboard in Resources */,
			);
			runOnlyForDeploymentPostprocessing = 0;
		};
/* End PBXResourcesBuildPhase section */

/* Begin PBXShellScriptBuildPhase section */
		1C5A869162EC61130BB84303 /* [CP] Embed Pods Frameworks */ = {
			isa = PBXShellScriptBuildPhase;
			buildActionMask = 2147483647;
			files = (
			);
			inputPaths = (
			);
			name = "[CP] Embed Pods Frameworks";
			outputPaths = (
			);
			runOnlyForDeploymentPostprocessing = 0;
			shellPath = /bin/sh;
			shellScript = "\"${SRCROOT}/Pods/Target Support Files/Pods-ModuleB-Category/Pods-ModuleB-Category-frameworks.sh\"\n";
			showEnvVarsInLog = 0;
		};
		2F37743E1B44A994AFD6250F /* [CP] Copy Pods Resources */ = {
			isa = PBXShellScriptBuildPhase;
			buildActionMask = 2147483647;
			files = (
			);
			inputPaths = (
			);
			name = "[CP] Copy Pods Resources";
			outputPaths = (
			);
			runOnlyForDeploymentPostprocessing = 0;
			shellPath = /bin/sh;
			shellScript = "\"${SRCROOT}/Pods/Target Support Files/Pods-ModuleB-Category/Pods-ModuleB-Category-resources.sh\"\n";
			showEnvVarsInLog = 0;
		};
		43F5E193AF90485C64472F11 /* [CP] Check Pods Manifest.lock */ = {
			isa = PBXShellScriptBuildPhase;
			buildActionMask = 2147483647;
			files = (
			);
			inputPaths = (
				"${PODS_PODFILE_DIR_PATH}/Podfile.lock",
				"${PODS_ROOT}/Manifest.lock",
			);
			name = "[CP] Check Pods Manifest.lock";
			outputPaths = (
				"$(DERIVED_FILE_DIR)/Pods-ModuleB-Category-checkManifestLockResult.txt",
			);
			runOnlyForDeploymentPostprocessing = 0;
			shellPath = /bin/sh;
			shellScript = "diff \"${PODS_PODFILE_DIR_PATH}/Podfile.lock\" \"${PODS_ROOT}/Manifest.lock\" > /dev/null\nif [ $? != 0 ] ; then\n    # print error to STDERR\n    echo \"error: The sandbox is not in sync with the Podfile.lock. Run 'pod install' or update your CocoaPods installation.\" >&2\n    exit 1\nfi\n# This output is used by Xcode 'outputs' to avoid re-running this script phase.\necho \"SUCCESS\" > \"${SCRIPT_OUTPUT_FILE_0}\"\n";
			showEnvVarsInLog = 0;
		};
/* End PBXShellScriptBuildPhase section */

/* Begin PBXSourcesBuildPhase section */
		9C04B3ED214B56CA00C4192C /* Sources */ = {
			isa = PBXSourcesBuildPhase;
			buildActionMask = 2147483647;
			files = (
				9C04B40D214B5A3F00C4192C /* ComponentScheduler+ModuleB.m in Sources */,
				9C04B3F9214B56CA00C4192C /* ViewController.m in Sources */,
				9C04B404214B56CB00C4192C /* main.m in Sources */,
				9C04B3F6214B56CA00C4192C /* AppDelegate.m in Sources */,
			);
			runOnlyForDeploymentPostprocessing = 0;
		};
/* End PBXSourcesBuildPhase section */

/* Begin PBXVariantGroup section */
		9C04B3FA214B56CA00C4192C /* Main.storyboard */ = {
			isa = PBXVariantGroup;
			children = (
				9C04B3FB214B56CA00C4192C /* Base */,
			);
			name = Main.storyboard;
			sourceTree = "<group>";
		};
		9C04B3FF214B56CB00C4192C /* LaunchScreen.storyboard */ = {
			isa = PBXVariantGroup;
			children = (
				9C04B400214B56CB00C4192C /* Base */,
			);
			name = LaunchScreen.storyboard;
			sourceTree = "<group>";
		};
/* End PBXVariantGroup section */

/* Begin XCBuildConfiguration section */
		9C04B405214B56CB00C4192C /* Debug */ = {
			isa = XCBuildConfiguration;
			buildSettings = {
				ALWAYS_SEARCH_USER_PATHS = NO;
				CLANG_ANALYZER_NONNULL = YES;
				CLANG_ANALYZER_NUMBER_OBJECT_CONVERSION = YES_AGGRESSIVE;
				CLANG_CXX_LANGUAGE_STANDARD = "gnu++14";
				CLANG_CXX_LIBRARY = "libc++";
				CLANG_ENABLE_MODULES = YES;
				CLANG_ENABLE_OBJC_ARC = YES;
				CLANG_ENABLE_OBJC_WEAK = YES;
				CLANG_WARN_BLOCK_CAPTURE_AUTORELEASING = YES;
				CLANG_WARN_BOOL_CONVERSION = YES;
				CLANG_WARN_COMMA = YES;
				CLANG_WARN_CONSTANT_CONVERSION = YES;
				CLANG_WARN_DEPRECATED_OBJC_IMPLEMENTATIONS = YES;
				CLANG_WARN_DIRECT_OBJC_ISA_USAGE = YES_ERROR;
				CLANG_WARN_DOCUMENTATION_COMMENTS = YES;
				CLANG_WARN_EMPTY_BODY = YES;
				CLANG_WARN_ENUM_CONVERSION = YES;
				CLANG_WARN_INFINITE_RECURSION = YES;
				CLANG_WARN_INT_CONVERSION = YES;
				CLANG_WARN_NON_LITERAL_NULL_CONVERSION = YES;
				CLANG_WARN_OBJC_IMPLICIT_RETAIN_SELF = YES;
				CLANG_WARN_OBJC_LITERAL_CONVERSION = YES;
				CLANG_WARN_OBJC_ROOT_CLASS = YES_ERROR;
				CLANG_WARN_RANGE_LOOP_ANALYSIS = YES;
				CLANG_WARN_STRICT_PROTOTYPES = YES;
				CLANG_WARN_SUSPICIOUS_MOVE = YES;
				CLANG_WARN_UNGUARDED_AVAILABILITY = YES_AGGRESSIVE;
				CLANG_WARN_UNREACHABLE_CODE = YES;
				CLANG_WARN__DUPLICATE_METHOD_MATCH = YES;
				CODE_SIGN_IDENTITY = "iPhone Developer";
				COPY_PHASE_STRIP = NO;
				DEBUG_INFORMATION_FORMAT = dwarf;
				ENABLE_STRICT_OBJC_MSGSEND = YES;
				ENABLE_TESTABILITY = YES;
				GCC_C_LANGUAGE_STANDARD = gnu11;
				GCC_DYNAMIC_NO_PIC = NO;
				GCC_NO_COMMON_BLOCKS = YES;
				GCC_OPTIMIZATION_LEVEL = 0;
				GCC_PREPROCESSOR_DEFINITIONS = (
					"DEBUG=1",
					"$(inherited)",
				);
				GCC_WARN_64_TO_32_BIT_CONVERSION = YES;
				GCC_WARN_ABOUT_RETURN_TYPE = YES_ERROR;
				GCC_WARN_UNDECLARED_SELECTOR = YES;
				GCC_WARN_UNINITIALIZED_AUTOS = YES_AGGRESSIVE;
				GCC_WARN_UNUSED_FUNCTION = YES;
				GCC_WARN_UNUSED_VARIABLE = YES;
				IPHONEOS_DEPLOYMENT_TARGET = 11.4;
				MTL_ENABLE_DEBUG_INFO = YES;
				ONLY_ACTIVE_ARCH = YES;
				SDKROOT = iphoneos;
			};
			name = Debug;
		};
		9C04B406214B56CB00C4192C /* Release */ = {
			isa = XCBuildConfiguration;
			buildSettings = {
				ALWAYS_SEARCH_USER_PATHS = NO;
				CLANG_ANALYZER_NONNULL = YES;
				CLANG_ANALYZER_NUMBER_OBJECT_CONVERSION = YES_AGGRESSIVE;
				CLANG_CXX_LANGUAGE_STANDARD = "gnu++14";
				CLANG_CXX_LIBRARY = "libc++";
				CLANG_ENABLE_MODULES = YES;
				CLANG_ENABLE_OBJC_ARC = YES;
				CLANG_ENABLE_OBJC_WEAK = YES;
				CLANG_WARN_BLOCK_CAPTURE_AUTORELEASING = YES;
				CLANG_WARN_BOOL_CONVERSION = YES;
				CLANG_WARN_COMMA = YES;
				CLANG_WARN_CONSTANT_CONVERSION = YES;
				CLANG_WARN_DEPRECATED_OBJC_IMPLEMENTATIONS = YES;
				CLANG_WARN_DIRECT_OBJC_ISA_USAGE = YES_ERROR;
				CLANG_WARN_DOCUMENTATION_COMMENTS = YES;
				CLANG_WARN_EMPTY_BODY = YES;
				CLANG_WARN_ENUM_CONVERSION = YES;
				CLANG_WARN_INFINITE_RECURSION = YES;
				CLANG_WARN_INT_CONVERSION = YES;
				CLANG_WARN_NON_LITERAL_NULL_CONVERSION = YES;
				CLANG_WARN_OBJC_IMPLICIT_RETAIN_SELF = YES;
				CLANG_WARN_OBJC_LITERAL_CONVERSION = YES;
				CLANG_WARN_OBJC_ROOT_CLASS = YES_ERROR;
				CLANG_WARN_RANGE_LOOP_ANALYSIS = YES;
				CLANG_WARN_STRICT_PROTOTYPES = YES;
				CLANG_WARN_SUSPICIOUS_MOVE = YES;
				CLANG_WARN_UNGUARDED_AVAILABILITY = YES_AGGRESSIVE;
				CLANG_WARN_UNREACHABLE_CODE = YES;
				CLANG_WARN__DUPLICATE_METHOD_MATCH = YES;
				CODE_SIGN_IDENTITY = "iPhone Developer";
				COPY_PHASE_STRIP = NO;
				DEBUG_INFORMATION_FORMAT = "dwarf-with-dsym";
				ENABLE_NS_ASSERTIONS = NO;
				ENABLE_STRICT_OBJC_MSGSEND = YES;
				GCC_C_LANGUAGE_STANDARD = gnu11;
				GCC_NO_COMMON_BLOCKS = YES;
				GCC_WARN_64_TO_32_BIT_CONVERSION = YES;
				GCC_WARN_ABOUT_RETURN_TYPE = YES_ERROR;
				GCC_WARN_UNDECLARED_SELECTOR = YES;
				GCC_WARN_UNINITIALIZED_AUTOS = YES_AGGRESSIVE;
				GCC_WARN_UNUSED_FUNCTION = YES;
				GCC_WARN_UNUSED_VARIABLE = YES;
				IPHONEOS_DEPLOYMENT_TARGET = 11.4;
				MTL_ENABLE_DEBUG_INFO = NO;
				SDKROOT = iphoneos;
				VALIDATE_PRODUCT = YES;
			};
			name = Release;
		};
		9C04B408214B56CB00C4192C /* Debug */ = {
			isa = XCBuildConfiguration;
			baseConfigurationReference = 0BAC6FBD7DE61A4E9AED2507 /* Pods-ModuleB-Category.debug.xcconfig */;
			buildSettings = {
				ASSETCATALOG_COMPILER_APPICON_NAME = AppIcon;
				CODE_SIGN_STYLE = Automatic;
				INFOPLIST_FILE = "ModuleB-Category/Info.plist";
				LD_RUNPATH_SEARCH_PATHS = "$(inherited) @executable_path/Frameworks";
				PRODUCT_BUNDLE_IDENTIFIER = "quangqiang.ModuleB-Category";
				PRODUCT_NAME = "$(TARGET_NAME)";
				TARGETED_DEVICE_FAMILY = "1,2";
			};
			name = Debug;
		};
		9C04B409214B56CB00C4192C /* Release */ = {
			isa = XCBuildConfiguration;
			baseConfigurationReference = 3FB5E4E4F9D5310F95CA839D /* Pods-ModuleB-Category.release.xcconfig */;
			buildSettings = {
				ASSETCATALOG_COMPILER_APPICON_NAME = AppIcon;
				CODE_SIGN_STYLE = Automatic;
				INFOPLIST_FILE = "ModuleB-Category/Info.plist";
				LD_RUNPATH_SEARCH_PATHS = "$(inherited) @executable_path/Frameworks";
				PRODUCT_BUNDLE_IDENTIFIER = "quangqiang.ModuleB-Category";
				PRODUCT_NAME = "$(TARGET_NAME)";
				TARGETED_DEVICE_FAMILY = "1,2";
			};
			name = Release;
		};
/* End XCBuildConfiguration section */

/* Begin XCConfigurationList section */
		9C04B3EC214B56CA00C4192C /* Build configuration list for PBXProject "ModuleB-Category" */ = {
			isa = XCConfigurationList;
			buildConfigurations = (
				9C04B405214B56CB00C4192C /* Debug */,
				9C04B406214B56CB00C4192C /* Release */,
			);
			defaultConfigurationIsVisible = 0;
			defaultConfigurationName = Release;
		};
		9C04B407214B56CB00C4192C /* Build configuration list for PBXNativeTarget "ModuleB-Category" */ = {
			isa = XCConfigurationList;
			buildConfigurations = (
				9C04B408214B56CB00C4192C /* Debug */,
				9C04B409214B56CB00C4192C /* Release */,
			);
			defaultConfigurationIsVisible = 0;
			defaultConfigurationName = Release;
		};
/* End XCConfigurationList section */
	};
	rootObject = 9C04B3E9214B56CA00C4192C /* Project object */;
}
